
Microsoft Visual Studio Solution File, Format Version 12.00
# Visual Studio Version 17
VisualStudioVersion = 17.5.33627.172
MinimumVisualStudioVersion = 10.0.40219.1
Project("{FAE04EC0-301F-11D3-BF4B-00C04F79EFBC}") = "multipleForm", "multipleForm\multipleForm.csproj", "{401A566D-BE5E-43F7-B3B5-18486F3041FC}"
EndProject
Global
	GlobalSection(SolutionConfigurationPlatforms) = preSolution
		Debug|Any CPU = Debug|Any CPU
		Release|Any CPU = Release|Any CPU
	EndGlobalSection
	GlobalSection(ProjectConfigurationPlatforms) = postSolution
		{401A566D-BE5E-43F7-B3B5-18486F3041FC}.Debug|Any CPU.ActiveCfg = Debug|Any CPU
		{401A566D-BE5E-43F7-B3B5-18486F3041FC}.Debug|Any CPU.Build.0 = Debug|Any CPU
		{401A566D-BE5E-43F7-B3B5-18486F3041FC}.Release|Any CPU.ActiveCfg = Release|Any CPU
		{401A566D-BE5E-43F7-B3B5-18486F3041FC}.Release|Any CPU.Build.0 = Release|Any CPU
	EndGlobalSection
	GlobalSection(SolutionProperties) = preSolution
		HideSolutionNode = FALSE
	EndGlobalSection
	GlobalSection(ExtensibilityGlobals) = postSolution
		SolutionGuid = {0BBF4BC6-D4EA-4490-977D-A78839C40CDD}
	EndGlobalSection
EndGlobal
